
Microsoft Visual Studio Solution File, Format Version 12.00
# Visual Studio Version 17
VisualStudioVersion = 17.10.35122.118
MinimumVisualStudioVersion = 10.0.40219.1
Project("{2150E333-8FDC-42A3-9474-1A3956D46DE8}") = "Services", "Services", "{AAD7C4D9-83F5-4CE2-B8F3-1AA27D7D629A}"
EndProject
Project("{2150E333-8FDC-42A3-9474-1A3956D46DE8}") = "Catalog", "Catalog", "{E8584E87-0CB0-4115-A3ED-132ED33B2A57}"
EndProject
Project("{9A19103F-16F7-4668-BE54-9A1E7A4F7556}") = "Catalog.API", "Services\Catalog\Catalog.API\Catalog.API.csproj", "{327AFAF4-1B3E-46B5-8754-8B476172A920}"
EndProject
Project("{2150E333-8FDC-42A3-9474-1A3956D46DE8}") = "BuildingBlocks", "BuildingBlocks", "{4FBBF5F0-BE0B-4D1E-9339-D741DBBD9080}"
EndProject
Project("{9A19103F-16F7-4668-BE54-9A1E7A4F7556}") = "BuildingBlocks", "BuildingBlocks\BuildingBlocks\BuildingBlocks.csproj", "{E405EE5A-4F7E-4B28-A01C-4B2EEBFDE6D2}"
EndProject
Project("{E53339B2-1760-4266-BCC7-CA923CBCF16C}") = "docker-compose", "docker-compose.dcproj", "{9F35DD2F-4E03-4B36-B376-ED9312AB44DA}"
EndProject
Project("{2150E333-8FDC-42A3-9474-1A3956D46DE8}") = "Basket", "Basket", "{31A3A84D-25A3-4143-B8A1-3E77881D7897}"
EndProject
Project("{9A19103F-16F7-4668-BE54-9A1E7A4F7556}") = "Basket.API", "Services\Basket\Basket.API\Basket.API.csproj", "{E1A16A8F-EA76-4641-8062-2E3515CD423C}"
EndProject
Project("{2150E333-8FDC-42A3-9474-1A3956D46DE8}") = "Discount", "Discount", "{884AAAF7-8F54-4CAA-A53A-0D28B4FF438A}"
EndProject
Project("{9A19103F-16F7-4668-BE54-9A1E7A4F7556}") = "Discount.Grpc", "Services\Discount\Discount.Grpc\Discount.Grpc.csproj", "{85495EB2-7FC5-406B-A0D1-910BD4EEFE52}"
EndProject
Project("{2150E333-8FDC-42A3-9474-1A3956D46DE8}") = "Ordering", "Ordering", "{D3DA7726-6929-4252-9730-C11B0916E9D1}"
EndProject
Project("{9A19103F-16F7-4668-BE54-9A1E7A4F7556}") = "Ordering.API", "Services\Ordering\Ordering.API\Ordering.API.csproj", "{0CCF3882-18DB-4D50-8D98-FB6071242267}"
EndProject
Project("{9A19103F-16F7-4668-BE54-9A1E7A4F7556}") = "Ordering.Domain", "Services\Ordering\Ordering.Domain\Ordering.Domain.csproj", "{BCE077B7-913F-4D80-8822-C373DDEFBA13}"
EndProject
Project("{9A19103F-16F7-4668-BE54-9A1E7A4F7556}") = "Ordering.Application", "Services\Ordering\Ordering.Application\Ordering.Application.csproj", "{E0669743-E8B0-4CA2-B7E7-992DE4A7305C}"
EndProject
Project("{9A19103F-16F7-4668-BE54-9A1E7A4F7556}") = "Ordering.Infrastructure", "Services\Ordering\Ordering.Infrastructure\Ordering.Infrastructure.csproj", "{C983D53C-9F25-47A2-9C80-AC18BA69C17F}"
EndProject
Project("{FAE04EC0-301F-11D3-BF4B-00C04F79EFBC}") = "BuildingBlocks.Messaging", "BuildingBlocks\BuildingBlocks.Messaging\BuildingBlocks.Messaging.csproj", "{22B738D8-B22A-43FD-B750-8A30159C09A8}"
EndProject
Global
	GlobalSection(SolutionConfigurationPlatforms) = preSolution
		Debug|Any CPU = Debug|Any CPU
		Release|Any CPU = Release|Any CPU
	EndGlobalSection
	GlobalSection(ProjectConfigurationPlatforms) = postSolution
		{327AFAF4-1B3E-46B5-8754-8B476172A920}.Debug|Any CPU.ActiveCfg = Debug|Any CPU
		{327AFAF4-1B3E-46B5-8754-8B476172A920}.Debug|Any CPU.Build.0 = Debug|Any CPU
		{327AFAF4-1B3E-46B5-8754-8B476172A920}.Release|Any CPU.ActiveCfg = Release|Any CPU
		{327AFAF4-1B3E-46B5-8754-8B476172A920}.Release|Any CPU.Build.0 = Release|Any CPU
		{E405EE5A-4F7E-4B28-A01C-4B2EEBFDE6D2}.Debug|Any CPU.ActiveCfg = Debug|Any CPU
		{E405EE5A-4F7E-4B28-A01C-4B2EEBFDE6D2}.Debug|Any CPU.Build.0 = Debug|Any CPU
		{E405EE5A-4F7E-4B28-A01C-4B2EEBFDE6D2}.Release|Any CPU.ActiveCfg = Release|Any CPU
		{E405EE5A-4F7E-4B28-A01C-4B2EEBFDE6D2}.Release|Any CPU.Build.0 = Release|Any CPU
		{9F35DD2F-4E03-4B36-B376-ED9312AB44DA}.Debug|Any CPU.ActiveCfg = Debug|Any CPU
		{9F35DD2F-4E03-4B36-B376-ED9312AB44DA}.Debug|Any CPU.Build.0 = Debug|Any CPU
		{9F35DD2F-4E03-4B36-B376-ED9312AB44DA}.Release|Any CPU.ActiveCfg = Release|Any CPU
		{9F35DD2F-4E03-4B36-B376-ED9312AB44DA}.Release|Any CPU.Build.0 = Release|Any CPU
		{E1A16A8F-EA76-4641-8062-2E3515CD423C}.Debug|Any CPU.ActiveCfg = Debug|Any CPU
		{E1A16A8F-EA76-4641-8062-2E3515CD423C}.Debug|Any CPU.Build.0 = Debug|Any CPU
		{E1A16A8F-EA76-4641-8062-2E3515CD423C}.Release|Any CPU.ActiveCfg = Release|Any CPU
		{E1A16A8F-EA76-4641-8062-2E3515CD423C}.Release|Any CPU.Build.0 = Release|Any CPU
		{85495EB2-7FC5-406B-A0D1-910BD4EEFE52}.Debug|Any CPU.ActiveCfg = Debug|Any CPU
		{85495EB2-7FC5-406B-A0D1-910BD4EEFE52}.Debug|Any CPU.Build.0 = Debug|Any CPU
		{85495EB2-7FC5-406B-A0D1-910BD4EEFE52}.Release|Any CPU.ActiveCfg = Release|Any CPU
		{85495EB2-7FC5-406B-A0D1-910BD4EEFE52}.Release|Any CPU.Build.0 = Release|Any CPU
		{0CCF3882-18DB-4D50-8D98-FB6071242267}.Debug|Any CPU.ActiveCfg = Debug|Any CPU
		{0CCF3882-18DB-4D50-8D98-FB6071242267}.Debug|Any CPU.Build.0 = Debug|Any CPU
		{0CCF3882-18DB-4D50-8D98-FB6071242267}.Release|Any CPU.ActiveCfg = Release|Any CPU
		{0CCF3882-18DB-4D50-8D98-FB6071242267}.Release|Any CPU.Build.0 = Release|Any CPU
		{BCE077B7-913F-4D80-8822-C373DDEFBA13}.Debug|Any CPU.ActiveCfg = Debug|Any CPU
		{BCE077B7-913F-4D80-8822-C373DDEFBA13}.Debug|Any CPU.Build.0 = Debug|Any CPU
		{BCE077B7-913F-4D80-8822-C373DDEFBA13}.Release|Any CPU.ActiveCfg = Release|Any CPU
		{BCE077B7-913F-4D80-8822-C373DDEFBA13}.Release|Any CPU.Build.0 = Release|Any CPU
		{E0669743-E8B0-4CA2-B7E7-992DE4A7305C}.Debug|Any CPU.ActiveCfg = Debug|Any CPU
		{E0669743-E8B0-4CA2-B7E7-992DE4A7305C}.Debug|Any CPU.Build.0 = Debug|Any CPU
		{E0669743-E8B0-4CA2-B7E7-992DE4A7305C}.Release|Any CPU.ActiveCfg = Release|Any CPU
		{E0669743-E8B0-4CA2-B7E7-992DE4A7305C}.Release|Any CPU.Build.0 = Release|Any CPU
		{C983D53C-9F25-47A2-9C80-AC18BA69C17F}.Debug|Any CPU.ActiveCfg = Debug|Any CPU
		{C983D53C-9F25-47A2-9C80-AC18BA69C17F}.Debug|Any CPU.Build.0 = Debug|Any CPU
		{C983D53C-9F25-47A2-9C80-AC18BA69C17F}.Release|Any CPU.ActiveCfg = Release|Any CPU
		{C983D53C-9F25-47A2-9C80-AC18BA69C17F}.Release|Any CPU.Build.0 = Release|Any CPU
		{22B738D8-B22A-43FD-B750-8A30159C09A8}.Debug|Any CPU.ActiveCfg = Debug|Any CPU
		{22B738D8-B22A-43FD-B750-8A30159C09A8}.Debug|Any CPU.Build.0 = Debug|Any CPU
		{22B738D8-B22A-43FD-B750-8A30159C09A8}.Release|Any CPU.ActiveCfg = Release|Any CPU
		{22B738D8-B22A-43FD-B750-8A30159C09A8}.Release|Any CPU.Build.0 = Release|Any CPU
	EndGlobalSection
	GlobalSection(SolutionProperties) = preSolution
		HideSolutionNode = FALSE
	EndGlobalSection
	GlobalSection(NestedProjects) = preSolution
		{E8584E87-0CB0-4115-A3ED-132ED33B2A57} = {AAD7C4D9-83F5-4CE2-B8F3-1AA27D7D629A}
		{327AFAF4-1B3E-46B5-8754-8B476172A920} = {E8584E87-0CB0-4115-A3ED-132ED33B2A57}
		{E405EE5A-4F7E-4B28-A01C-4B2EEBFDE6D2} = {4FBBF5F0-BE0B-4D1E-9339-D741DBBD9080}
		{31A3A84D-25A3-4143-B8A1-3E77881D7897} = {AAD7C4D9-83F5-4CE2-B8F3-1AA27D7D629A}
		{E1A16A8F-EA76-4641-8062-2E3515CD423C} = {31A3A84D-25A3-4143-B8A1-3E77881D7897}
		{884AAAF7-8F54-4CAA-A53A-0D28B4FF438A} = {AAD7C4D9-83F5-4CE2-B8F3-1AA27D7D629A}
		{85495EB2-7FC5-406B-A0D1-910BD4EEFE52} = {884AAAF7-8F54-4CAA-A53A-0D28B4FF438A}
		{D3DA7726-6929-4252-9730-C11B0916E9D1} = {AAD7C4D9-83F5-4CE2-B8F3-1AA27D7D629A}
		{0CCF3882-18DB-4D50-8D98-FB6071242267} = {D3DA7726-6929-4252-9730-C11B0916E9D1}
		{BCE077B7-913F-4D80-8822-C373DDEFBA13} = {D3DA7726-6929-4252-9730-C11B0916E9D1}
		{E0669743-E8B0-4CA2-B7E7-992DE4A7305C} = {D3DA7726-6929-4252-9730-C11B0916E9D1}
		{C983D53C-9F25-47A2-9C80-AC18BA69C17F} = {D3DA7726-6929-4252-9730-C11B0916E9D1}
		{22B738D8-B22A-43FD-B750-8A30159C09A8} = {4FBBF5F0-BE0B-4D1E-9339-D741DBBD9080}
	EndGlobalSection
	GlobalSection(ExtensibilityGlobals) = postSolution
		SolutionGuid = {017E13AA-9910-4694-922A-3C54A083FD08}
	EndGlobalSection
EndGlobal
